
Microsoft Visual Studio Solution File, Format Version 12.00
# Visual Studio Version 16
VisualStudioVersion = 16.0.32002.261
MinimumVisualStudioVersion = 10.0.40219.1
Project("{FAE04EC0-301F-11D3-BF4B-00C04F79EFBC}") = "PerceptronWithActivationFunction", "PerceptronWithActivationFunction\PerceptronWithActivationFunction.csproj", "{963AC23C-44AE-449E-AA6B-FDF670E2812A}"
EndProject
Global
	GlobalSection(SolutionConfigurationPlatforms) = preSolution
		Debug|Any CPU = Debug|Any CPU
		Release|Any CPU = Release|Any CPU
	EndGlobalSection
	GlobalSection(ProjectConfigurationPlatforms) = postSolution
		{963AC23C-44AE-449E-AA6B-FDF670E2812A}.Debug|Any CPU.ActiveCfg = Debug|Any CPU
		{963AC23C-44AE-449E-AA6B-FDF670E2812A}.Debug|Any CPU.Build.0 = Debug|Any CPU
		{963AC23C-44AE-449E-AA6B-FDF670E2812A}.Release|Any CPU.ActiveCfg = Release|Any CPU
		{963AC23C-44AE-449E-AA6B-FDF670E2812A}.Release|Any CPU.Build.0 = Release|Any CPU
	EndGlobalSection
	GlobalSection(SolutionProperties) = preSolution
		HideSolutionNode = FALSE
	EndGlobalSection
	GlobalSection(ExtensibilityGlobals) = postSolution
		SolutionGuid = {93C6242C-08D8-4D88-B7FE-0EB17866FA36}
	EndGlobalSection
EndGlobal
